
Microsoft Visual Studio Solution File, Format Version 12.00
# Visual Studio Version 16
VisualStudioVersion = 16.0.31313.79
MinimumVisualStudioVersion = 10.0.40219.1
Project("{FAE04EC0-301F-11D3-BF4B-00C04F79EFBC}") = "Exercise2Parameters", "Exercise2Parameters\Exercise2Parameters.csproj", "{EC9927B1-6881-4557-9D62-55ADE032555F}"
EndProject
Global
	GlobalSection(SolutionConfigurationPlatforms) = preSolution
		Debug|Any CPU = Debug|Any CPU
		Release|Any CPU = Release|Any CPU
	EndGlobalSection
	GlobalSection(ProjectConfigurationPlatforms) = postSolution
		{EC9927B1-6881-4557-9D62-55ADE032555F}.Debug|Any CPU.ActiveCfg = Debug|Any CPU
		{EC9927B1-6881-4557-9D62-55ADE032555F}.Debug|Any CPU.Build.0 = Debug|Any CPU
		{EC9927B1-6881-4557-9D62-55ADE032555F}.Release|Any CPU.ActiveCfg = Release|Any CPU
		{EC9927B1-6881-4557-9D62-55ADE032555F}.Release|Any CPU.Build.0 = Release|Any CPU
	EndGlobalSection
	GlobalSection(SolutionProperties) = preSolution
		HideSolutionNode = FALSE
	EndGlobalSection
	GlobalSection(ExtensibilityGlobals) = postSolution
		SolutionGuid = {4D2B77CA-8273-41DC-A304-3D870B156514}
	EndGlobalSection
EndGlobal
